
Microsoft Visual Studio Solution File, Format Version 12.00
# Visual Studio Version 16
VisualStudioVersion = 16.0.30711.63
MinimumVisualStudioVersion = 10.0.40219.1
Project("{FAE04EC0-301F-11D3-BF4B-00C04F79EFBC}") = "SemWebBrowser", "SemWebBrowser\SemWebBrowser.csproj", "{D69AE891-46B3-4C93-A6D1-1211BFEEC892}"
EndProject
Global
	GlobalSection(SolutionConfigurationPlatforms) = preSolution
		Debug|Any CPU = Debug|Any CPU
		Release|Any CPU = Release|Any CPU
	EndGlobalSection
	GlobalSection(ProjectConfigurationPlatforms) = postSolution
		{D69AE891-46B3-4C93-A6D1-1211BFEEC892}.Debug|Any CPU.ActiveCfg = Debug|Any CPU
		{D69AE891-46B3-4C93-A6D1-1211BFEEC892}.Debug|Any CPU.Build.0 = Debug|Any CPU
		{D69AE891-46B3-4C93-A6D1-1211BFEEC892}.Release|Any CPU.ActiveCfg = Release|Any CPU
		{D69AE891-46B3-4C93-A6D1-1211BFEEC892}.Release|Any CPU.Build.0 = Release|Any CPU
	EndGlobalSection
	GlobalSection(SolutionProperties) = preSolution
		HideSolutionNode = FALSE
	EndGlobalSection
	GlobalSection(ExtensibilityGlobals) = postSolution
		SolutionGuid = {83408E90-54DA-4918-ADFE-9D1F5CBCB824}
	EndGlobalSection
EndGlobal
